
Microsoft Visual Studio Solution File, Format Version 12.00
# Visual Studio Version 17
VisualStudioVersion = 17.3.32804.467
MinimumVisualStudioVersion = 10.0.40219.1
Project("{FAE04EC0-301F-11D3-BF4B-00C04F79EFBC}") = "DataManagement", "DataManagement\TestApp.csproj", "{2CA06116-C5CC-4B6A-80EB-F777AF470200}"
EndProject
Global
	GlobalSection(SolutionConfigurationPlatforms) = preSolution
		Debug|Any CPU = Debug|Any CPU
		Release|Any CPU = Release|Any CPU
	EndGlobalSection
	GlobalSection(ProjectConfigurationPlatforms) = postSolution
		{2CA06116-C5CC-4B6A-80EB-F777AF470200}.Debug|Any CPU.ActiveCfg = Debug|Any CPU
		{2CA06116-C5CC-4B6A-80EB-F777AF470200}.Debug|Any CPU.Build.0 = Debug|Any CPU
		{2CA06116-C5CC-4B6A-80EB-F777AF470200}.Release|Any CPU.ActiveCfg = Release|Any CPU
		{2CA06116-C5CC-4B6A-80EB-F777AF470200}.Release|Any CPU.Build.0 = Release|Any CPU
	EndGlobalSection
	GlobalSection(SolutionProperties) = preSolution
		HideSolutionNode = FALSE
	EndGlobalSection
	GlobalSection(ExtensibilityGlobals) = postSolution
		SolutionGuid = {DBC35550-50C3-42A9-A476-2D2F8F019693}
	EndGlobalSection
EndGlobal
